
Microsoft Visual Studio Solution File, Format Version 12.00
# Visual Studio Version 17
VisualStudioVersion = 17.10.35004.147
MinimumVisualStudioVersion = 10.0.40219.1
Project("{FAE04EC0-301F-11D3-BF4B-00C04F79EFBC}") = "EventPlanner", "EventPlanner\EventPlanner.csproj", "{9DD21642-9EED-449B-BB18-4A26FF178169}"
EndProject
Global
	GlobalSection(SolutionConfigurationPlatforms) = preSolution
		Debug|Any CPU = Debug|Any CPU
		Release|Any CPU = Release|Any CPU
	EndGlobalSection
	GlobalSection(ProjectConfigurationPlatforms) = postSolution
		{9DD21642-9EED-449B-BB18-4A26FF178169}.Debug|Any CPU.ActiveCfg = Debug|Any CPU
		{9DD21642-9EED-449B-BB18-4A26FF178169}.Debug|Any CPU.Build.0 = Debug|Any CPU
		{9DD21642-9EED-449B-BB18-4A26FF178169}.Release|Any CPU.ActiveCfg = Release|Any CPU
		{9DD21642-9EED-449B-BB18-4A26FF178169}.Release|Any CPU.Build.0 = Release|Any CPU
	EndGlobalSection
	GlobalSection(SolutionProperties) = preSolution
		HideSolutionNode = FALSE
	EndGlobalSection
	GlobalSection(ExtensibilityGlobals) = postSolution
		SolutionGuid = {F18929CD-CA7E-4083-9E84-E5BA58A81371}
	EndGlobalSection
EndGlobal
